
Microsoft Visual Studio Solution File, Format Version 12.00
# Visual Studio Version 16
VisualStudioVersion = 16.0.31019.35
MinimumVisualStudioVersion = 10.0.40219.1
Project("{FAE04EC0-301F-11D3-BF4B-00C04F79EFBC}") = "DateTimeChecker", "DateTimeChecker\DateTimeChecker.csproj", "{BC7AE3D4-9686-4A35-8611-20057ED35881}"
EndProject
Project("{FAE04EC0-301F-11D3-BF4B-00C04F79EFBC}") = "DateTimeCheckerTests", "DateTimeCheckerTests\DateTimeCheckerTests.csproj", "{2FF4FBF4-4CCA-401B-ADC6-769E62330F46}"
EndProject
Global
	GlobalSection(SolutionConfigurationPlatforms) = preSolution
		Debug|Any CPU = Debug|Any CPU
		Release|Any CPU = Release|Any CPU
	EndGlobalSection
	GlobalSection(ProjectConfigurationPlatforms) = postSolution
		{BC7AE3D4-9686-4A35-8611-20057ED35881}.Debug|Any CPU.ActiveCfg = Debug|Any CPU
		{BC7AE3D4-9686-4A35-8611-20057ED35881}.Debug|Any CPU.Build.0 = Debug|Any CPU
		{BC7AE3D4-9686-4A35-8611-20057ED35881}.Release|Any CPU.ActiveCfg = Release|Any CPU
		{BC7AE3D4-9686-4A35-8611-20057ED35881}.Release|Any CPU.Build.0 = Release|Any CPU
		{2FF4FBF4-4CCA-401B-ADC6-769E62330F46}.Debug|Any CPU.ActiveCfg = Debug|Any CPU
		{2FF4FBF4-4CCA-401B-ADC6-769E62330F46}.Debug|Any CPU.Build.0 = Debug|Any CPU
		{2FF4FBF4-4CCA-401B-ADC6-769E62330F46}.Release|Any CPU.ActiveCfg = Release|Any CPU
		{2FF4FBF4-4CCA-401B-ADC6-769E62330F46}.Release|Any CPU.Build.0 = Release|Any CPU
	EndGlobalSection
	GlobalSection(SolutionProperties) = preSolution
		HideSolutionNode = FALSE
	EndGlobalSection
	GlobalSection(ExtensibilityGlobals) = postSolution
		SolutionGuid = {9E070A55-3BD5-400A-810F-4B55BF505FEE}
	EndGlobalSection
EndGlobal
